
Microsoft Visual Studio Solution File, Format Version 12.00
# Visual Studio Version 16
VisualStudioVersion = 16.0.29509.3
MinimumVisualStudioVersion = 10.0.40219.1
Project("{FAE04EC0-301F-11D3-BF4B-00C04F79EFBC}") = "sample-net", "sample-net.csproj", "{93C74B7E-8AB4-478C-A718-C035FF5F6778}"
EndProject
Global
	GlobalSection(SolutionConfigurationPlatforms) = preSolution
		Debug|Any CPU = Debug|Any CPU
		Release|Any CPU = Release|Any CPU
	EndGlobalSection
	GlobalSection(ProjectConfigurationPlatforms) = postSolution
		{93C74B7E-8AB4-478C-A718-C035FF5F6778}.Debug|Any CPU.ActiveCfg = Debug|Any CPU
		{93C74B7E-8AB4-478C-A718-C035FF5F6778}.Debug|Any CPU.Build.0 = Debug|Any CPU
		{93C74B7E-8AB4-478C-A718-C035FF5F6778}.Release|Any CPU.ActiveCfg = Release|Any CPU
		{93C74B7E-8AB4-478C-A718-C035FF5F6778}.Release|Any CPU.Build.0 = Release|Any CPU
	EndGlobalSection
	GlobalSection(SolutionProperties) = preSolution
		HideSolutionNode = FALSE
	EndGlobalSection
	GlobalSection(ExtensibilityGlobals) = postSolution
		SolutionGuid = {89A8402D-0D40-4FC8-8788-98E7F63AE1A4}
	EndGlobalSection
EndGlobal
